
Microsoft Visual Studio Solution File, Format Version 12.00
# Visual Studio Version 16
VisualStudioVersion = 16.0.31105.61
MinimumVisualStudioVersion = 10.0.40219.1
Project("{9A19103F-16F7-4668-BE54-9A1E7A4F7556}") = "GitSvnWrapper", "GitSvnWrapper.csproj", "{605CE946-E153-4884-AD8F-D27EE75A0499}"
EndProject
Global
	GlobalSection(SolutionConfigurationPlatforms) = preSolution
		Debug|Any CPU = Debug|Any CPU
		Release|Any CPU = Release|Any CPU
	EndGlobalSection
	GlobalSection(ProjectConfigurationPlatforms) = postSolution
		{605CE946-E153-4884-AD8F-D27EE75A0499}.Debug|Any CPU.ActiveCfg = Debug|Any CPU
		{605CE946-E153-4884-AD8F-D27EE75A0499}.Debug|Any CPU.Build.0 = Debug|Any CPU
		{605CE946-E153-4884-AD8F-D27EE75A0499}.Release|Any CPU.ActiveCfg = Release|Any CPU
		{605CE946-E153-4884-AD8F-D27EE75A0499}.Release|Any CPU.Build.0 = Release|Any CPU
	EndGlobalSection
	GlobalSection(SolutionProperties) = preSolution
		HideSolutionNode = FALSE
	EndGlobalSection
	GlobalSection(ExtensibilityGlobals) = postSolution
		SolutionGuid = {E3251065-201D-4B3F-8C06-A7CF6D4AFE1E}
	EndGlobalSection
EndGlobal
